{
  "name": "app",
  "lockfileVersion": 2,
  "requires": true,
  "packages": {
    "": {
      "name": "app",
      "dependencies": {
        "@hotwired/stimulus": "^3.2.2",
        "@hotwired/stimulus-webpack-helpers": "^1.0.1",
        "@hotwired/turbo-rails": "^8.0.12",
        "@stimulus-components/carousel": "^6.0.0",
        "@stimulus-components/clipboard": "^5.0.0",
        "@stimulus-components/color-picker": "^2.0.0",
        "@stimulus-components/content-loader": "^5.0.0",
        "@stimulus-components/dropdown": "^3.0.0",
        "@stimulus-components/sound": "^2.0.1",
        "bootstrap": "^5.3.3",
        "stimulus-autocomplete": "^3.1.0",
        "stimulus-use": "^0.52.3",
        "tailwindcss": "^4.0.8"
      },
      "devDependencies": {
        "esbuild": "^0.24.0"
      }
    },
    "node_modules/@hotwired/stimulus": {
      "version": "3.2.2",
      "resolved": "https://registry.npmjs.org/@hotwired/stimulus/-/stimulus-3.2.2.tgz",
      "integrity": "sha512-eGeIqNOQpXoPAIP7tC1+1Yc1yl1xnwYqg+3mzqxyrbE5pg5YFBZcA6YoTiByJB6DKAEsiWtl6tjTJS4IYtbB7A=="
    },
    "node_modules/@hotwired/stimulus-webpack-helpers": {
      "version": "1.0.1",
      "resolved": "https://registry.npmjs.org/@hotwired/stimulus-webpack-helpers/-/stimulus-webpack-helpers-1.0.1.tgz",
      "integrity": "sha512-wa/zupVG0eWxRYJjC1IiPBdt3Lruv0RqGN+/DTMmUWUyMAEB27KXmVY6a8YpUVTM7QwVuaLNGW4EqDgrS2upXQ==",
      "peerDependencies": {
        "@hotwired/stimulus": ">= 3.0"
      }
    },
    "node_modules/@hotwired/turbo": {
      "version": "8.0.12",
      "resolved": "https://registry.npmjs.org/@hotwired/turbo/-/turbo-8.0.12.tgz",
      "integrity": "sha512-l3BiQRkD7qrnQv6ms6sqPLczvwbQpXt5iAVwjDvX0iumrz6yEonQkNAzNjeDX25/OJMFDTxpHjkJZHGpM9ikWw==",
      "engines": {
        "node": ">= 14"
      }
    },
    "node_modules/@hotwired/turbo-rails": {
      "version": "8.0.12",
      "resolved": "https://registry.npmjs.org/@hotwired/turbo-rails/-/turbo-rails-8.0.12.tgz",
      "integrity": "sha512-ZXwu9ez+Gd4RQNeHIitqOQgi/LyqY8J4JqsUN0nnYiZDBRq7IreeFdMbz29VdJpIsmYqwooE4cFzPU7QvJkQkA==",
      "dependencies": {
        "@hotwired/turbo": "^8.0.12",
        "@rails/actioncable": "^7.0"
      }
    },
    "node_modules/@popperjs/core": {
      "version": "2.11.8",
      "resolved": "https://registry.npmjs.org/@popperjs/core/-/core-2.11.8.tgz",
      "integrity": "sha512-P1st0aksCrn9sGZhp8GMYwBnQsbvAWsZAX44oXNNvLHGqAOcoVxmjZiohstwQ7SqKnbR47akdNi+uleWD8+g6A==",
      "peer": true,
      "funding": {
        "type": "opencollective",
        "url": "https://opencollective.com/popperjs"
      }
    },
    "node_modules/@rails/actioncable": {
      "version": "7.2.201",
      "resolved": "https://registry.npmjs.org/@rails/actioncable/-/actioncable-7.2.201.tgz",
      "integrity": "sha512-wsTdWoZ5EfG5k3t7ORdyQF0ZmDEgN4aVPCanHAiNEwCROqibSZMXXmCbH7IDJUVri4FOeAVwwbPINI7HVHPKBw=="
    },
    "node_modules/@simonwep/pickr": {
      "version": "1.9.0",
      "resolved": "https://registry.npmjs.org/@simonwep/pickr/-/pickr-1.9.0.tgz",
      "integrity": "sha512-oEYvv15PyfZzjoAzvXYt3UyNGwzsrpFxLaZKzkOSd0WYBVwLd19iJerePDONxC1iF6+DpcswPdLIM2KzCJuYFg==",
      "dependencies": {
        "core-js": "3.32.2",
        "nanopop": "2.3.0"
      }
    },
    "node_modules/@stimulus-components/carousel": {
      "version": "6.0.0",
      "resolved": "https://registry.npmjs.org/@stimulus-components/carousel/-/carousel-6.0.0.tgz",
      "integrity": "sha512-Jj7lwJI9B13+Wyt6Q27G5b45w5wyjVC79RB6eIuWt9ZYMRbjPWsV2kDofpiM1wUZi7h1+xk+vAZorPPnvGd4dA==",
      "dependencies": {
        "swiper": "^11.0.6"
      },
      "peerDependencies": {
        "@hotwired/stimulus": "^3"
      }
    },
    "node_modules/@stimulus-components/clipboard": {
      "version": "5.0.0",
      "resolved": "https://registry.npmjs.org/@stimulus-components/clipboard/-/clipboard-5.0.0.tgz",
      "integrity": "sha512-gbwU1sVBiKfMGGCt6oyXx9mGD+cEcHBSqaz//5UVepoQqzl2jYEUWQGFIO0f48LMOamEQwR1azQKfHq6llv6oA==",
      "peerDependencies": {
        "@hotwired/stimulus": "^3.0.0"
      }
    },
    "node_modules/@stimulus-components/color-picker": {
      "version": "2.0.0",
      "resolved": "https://registry.npmjs.org/@stimulus-components/color-picker/-/color-picker-2.0.0.tgz",
      "integrity": "sha512-ITQGvQ1RNLsoiZMmlc6R60pn36UuGD3lLv76LMRcipUbp1Sn3EenkMf5fABRd8MKz2ZIbJcTqZlMx4+I8FyHXA==",
      "dependencies": {
        "@simonwep/pickr": "1.9.0"
      },
      "peerDependencies": {
        "@hotwired/stimulus": "^3.0.0"
      }
    },
    "node_modules/@stimulus-components/content-loader": {
      "version": "5.0.0",
      "resolved": "https://registry.npmjs.org/@stimulus-components/content-loader/-/content-loader-5.0.0.tgz",
      "integrity": "sha512-5ib9PveLI9VEbUwJQpp76OW9Q1Fc8CY7Yo9iVOPTFScwtUWOQJCnwR836osLzYbEIDEEpCfBsCRcIdn9PBGT8A==",
      "peerDependencies": {
        "@hotwired/stimulus": "^3.0.0"
      }
    },
    "node_modules/@stimulus-components/dropdown": {
      "version": "3.0.0",
      "resolved": "https://registry.npmjs.org/@stimulus-components/dropdown/-/dropdown-3.0.0.tgz",
      "integrity": "sha512-GY9Ez8T5Vbcad702seF4iuKZwv4f+VACtfO527l8vrFDFbGWWFyRljyK9FFXSPEkUC3/4PilVsYfPO2CMikkEg==",
      "dependencies": {
        "stimulus-use": "^0.52.2"
      },
      "peerDependencies": {
        "@hotwired/stimulus": "^3.0.0"
      }
    },
    "node_modules/@stimulus-components/sound": {
      "version": "2.0.1",
      "resolved": "https://registry.npmjs.org/@stimulus-components/sound/-/sound-2.0.1.tgz",
      "integrity": "sha512-IJyfgPyItYiCnHFUUdFSgFT9XvsHTtvZOyjWfuLHUPJnWQUatpYpHQfaUvsp3Es5aJNCRsCs6Ub4VUaOPxmApQ==",
      "peerDependencies": {
        "@hotwired/stimulus": "^3.0.0"
      }
    },
    "node_modules/bootstrap": {
      "version": "5.3.3",
      "resolved": "https://registry.npmjs.org/bootstrap/-/bootstrap-5.3.3.tgz",
      "integrity": "sha512-8HLCdWgyoMguSO9o+aH+iuZ+aht+mzW0u3HIMzVu7Srrpv7EBBxTnrFlSCskwdY1+EOFQSm7uMJhNQHkdPcmjg==",
      "funding": [
        {
          "type": "github",
          "url": "https://github.com/sponsors/twbs"
        },
        {
          "type": "opencollective",
          "url": "https://opencollective.com/bootstrap"
        }
      ],
      "peerDependencies": {
        "@popperjs/core": "^2.11.8"
      }
    },
    "node_modules/core-js": {
      "version": "3.32.2",
      "resolved": "https://registry.npmjs.org/core-js/-/core-js-3.32.2.tgz",
      "integrity": "sha512-pxXSw1mYZPDGvTQqEc5vgIb83jGQKFGYWY76z4a7weZXUolw3G+OvpZqSRcfYOoOVUQJYEPsWeQK8pKEnUtWxQ==",
      "hasInstallScript": true,
      "funding": {
        "type": "opencollective",
        "url": "https://opencollective.com/core-js"
      }
    },
    "node_modules/esbuild": {
      "version": "0.24.2",
      "resolved": "https://registry.npmjs.org/esbuild/-/esbuild-0.24.2.tgz",
      "integrity": "sha512-+9egpBW8I3CD5XPe0n6BfT5fxLzxrlDzqydF3aviG+9ni1lDC/OvMHcxqEFV0+LANZG5R1bFMWfUrjVsdwxJvA==",
      "dev": true,
      "hasInstallScript": true,
      "bin": {
        "esbuild": "bin/esbuild"
      },
      "engines": {
        "node": ">=18"
      },
      "optionalDependencies": {
        "@esbuild/aix-ppc64": "0.24.2",
        "@esbuild/android-arm": "0.24.2",
        "@esbuild/android-arm64": "0.24.2",
        "@esbuild/android-x64": "0.24.2",
        "@esbuild/darwin-arm64": "0.24.2",
        "@esbuild/darwin-x64": "0.24.2",
        "@esbuild/freebsd-arm64": "0.24.2",
        "@esbuild/freebsd-x64": "0.24.2",
        "@esbuild/linux-arm": "0.24.2",
        "@esbuild/linux-arm64": "0.24.2",
        "@esbuild/linux-ia32": "0.24.2",
        "@esbuild/linux-loong64": "0.24.2",
        "@esbuild/linux-mips64el": "0.24.2",
        "@esbuild/linux-ppc64": "0.24.2",
        "@esbuild/linux-riscv64": "0.24.2",
        "@esbuild/linux-s390x": "0.24.2",
        "@esbuild/linux-x64": "0.24.2",
        "@esbuild/netbsd-arm64": "0.24.2",
        "@esbuild/netbsd-x64": "0.24.2",
        "@esbuild/openbsd-arm64": "0.24.2",
        "@esbuild/openbsd-x64": "0.24.2",
        "@esbuild/sunos-x64": "0.24.2",
        "@esbuild/win32-arm64": "0.24.2",
        "@esbuild/win32-ia32": "0.24.2",
        "@esbuild/win32-x64": "0.24.2"
      }
    },
    "node_modules/hotkeys-js": {
      "version": "3.13.9",
      "resolved": "https://registry.npmjs.org/hotkeys-js/-/hotkeys-js-3.13.9.tgz",
      "integrity": "sha512-3TRCj9u9KUH6cKo25w4KIdBfdBfNRjfUwrljCLDC2XhmPDG0SjAZFcFZekpUZFmXzfYoGhFDcdx2gX/vUVtztQ==",
      "peer": true,
      "funding": {
        "url": "https://jaywcjlove.github.io/#/sponsor"
      }
    },
    "node_modules/nanopop": {
      "version": "2.3.0",
      "resolved": "https://registry.npmjs.org/nanopop/-/nanopop-2.3.0.tgz",
      "integrity": "sha512-fzN+T2K7/Ah25XU02MJkPZ5q4Tj5FpjmIYq4rvoHX4yb16HzFdCO6JxFFn5Y/oBhQ8no8fUZavnyIv9/+xkBBw=="
    },
    "node_modules/stimulus-autocomplete": {
      "version": "3.1.0",
      "resolved": "https://registry.npmjs.org/stimulus-autocomplete/-/stimulus-autocomplete-3.1.0.tgz",
      "integrity": "sha512-SmVViCdA8yCl99oV2kzllNOqYjx7wruY+1OjAVsDTkZMNFZG5j+SqDKHMYbu+dRFy/SWq/PParzwZHvLAgH+YA==",
      "peerDependencies": {
        "@hotwired/stimulus": "^3.0.0"
      }
    },
    "node_modules/stimulus-use": {
      "version": "0.52.3",
      "resolved": "https://registry.npmjs.org/stimulus-use/-/stimulus-use-0.52.3.tgz",
      "integrity": "sha512-stZ5dID6FUrGCR/ChWUa0FT5Z8iqkzT6lputOAb50eF+Ayg7RzJj4U/HoRlp2NV333QfvoRidru9HLbom4hZVw==",
      "peerDependencies": {
        "@hotwired/stimulus": ">= 3",
        "hotkeys-js": ">= 3"
      }
    },
    "node_modules/swiper": {
      "version": "11.2.3",
      "resolved": "https://registry.npmjs.org/swiper/-/swiper-11.2.3.tgz",
      "integrity": "sha512-24m5tqHCd1Wmp9+86aKDoIGMsZGEjIL++3nuB1UjhAhIlvwj4k0Jikxu9PGQ/VswLpoje6JtMDWo12uu4aS2FA==",
      "funding": [
        {
          "type": "patreon",
          "url": "https://www.patreon.com/swiperjs"
        },
        {
          "type": "open_collective",
          "url": "http://opencollective.com/swiper"
        }
      ],
      "engines": {
        "node": ">= 4.7.0"
      }
    },
    "node_modules/tailwindcss": {
      "version": "4.0.8",
      "resolved": "https://registry.npmjs.org/tailwindcss/-/tailwindcss-4.0.8.tgz",
      "integrity": "sha512-Me7N5CKR+D2A1xdWA5t5+kjjT7bwnxZOE6/yDI/ixJdJokszsn2n++mdU5yJwrsTpqFX2B9ZNMBJDwcqk9C9lw=="
    }
  },
  "dependencies": {
    "@hotwired/stimulus": {
      "version": "3.2.2",
      "resolved": "https://registry.npmjs.org/@hotwired/stimulus/-/stimulus-3.2.2.tgz",
      "integrity": "sha512-eGeIqNOQpXoPAIP7tC1+1Yc1yl1xnwYqg+3mzqxyrbE5pg5YFBZcA6YoTiByJB6DKAEsiWtl6tjTJS4IYtbB7A=="
    },
    "@hotwired/stimulus-webpack-helpers": {
      "version": "1.0.1",
      "resolved": "https://registry.npmjs.org/@hotwired/stimulus-webpack-helpers/-/stimulus-webpack-helpers-1.0.1.tgz",
      "integrity": "sha512-wa/zupVG0eWxRYJjC1IiPBdt3Lruv0RqGN+/DTMmUWUyMAEB27KXmVY6a8YpUVTM7QwVuaLNGW4EqDgrS2upXQ==",
      "requires": {}
    },
    "@hotwired/turbo": {
      "version": "8.0.12",
      "resolved": "https://registry.npmjs.org/@hotwired/turbo/-/turbo-8.0.12.tgz",
      "integrity": "sha512-l3BiQRkD7qrnQv6ms6sqPLczvwbQpXt5iAVwjDvX0iumrz6yEonQkNAzNjeDX25/OJMFDTxpHjkJZHGpM9ikWw=="
    },
    "@hotwired/turbo-rails": {
      "version": "8.0.12",
      "resolved": "https://registry.npmjs.org/@hotwired/turbo-rails/-/turbo-rails-8.0.12.tgz",
      "integrity": "sha512-ZXwu9ez+Gd4RQNeHIitqOQgi/LyqY8J4JqsUN0nnYiZDBRq7IreeFdMbz29VdJpIsmYqwooE4cFzPU7QvJkQkA==",
      "requires": {
        "@hotwired/turbo": "^8.0.12",
        "@rails/actioncable": "^7.0"
      }
    },
    "@popperjs/core": {
      "version": "2.11.8",
      "resolved": "https://registry.npmjs.org/@popperjs/core/-/core-2.11.8.tgz",
      "integrity": "sha512-P1st0aksCrn9sGZhp8GMYwBnQsbvAWsZAX44oXNNvLHGqAOcoVxmjZiohstwQ7SqKnbR47akdNi+uleWD8+g6A==",
      "peer": true
    },
    "@rails/actioncable": {
      "version": "7.2.201",
      "resolved": "https://registry.npmjs.org/@rails/actioncable/-/actioncable-7.2.201.tgz",
      "integrity": "sha512-wsTdWoZ5EfG5k3t7ORdyQF0ZmDEgN4aVPCanHAiNEwCROqibSZMXXmCbH7IDJUVri4FOeAVwwbPINI7HVHPKBw=="
    },
    "@simonwep/pickr": {
      "version": "1.9.0",
      "resolved": "https://registry.npmjs.org/@simonwep/pickr/-/pickr-1.9.0.tgz",
      "integrity": "sha512-oEYvv15PyfZzjoAzvXYt3UyNGwzsrpFxLaZKzkOSd0WYBVwLd19iJerePDONxC1iF6+DpcswPdLIM2KzCJuYFg==",
      "requires": {
        "core-js": "3.32.2",
        "nanopop": "2.3.0"
      }
    },
    "@stimulus-components/carousel": {
      "version": "6.0.0",
      "resolved": "https://registry.npmjs.org/@stimulus-components/carousel/-/carousel-6.0.0.tgz",
      "integrity": "sha512-Jj7lwJI9B13+Wyt6Q27G5b45w5wyjVC79RB6eIuWt9ZYMRbjPWsV2kDofpiM1wUZi7h1+xk+vAZorPPnvGd4dA==",
      "requires": {
        "swiper": "^11.0.6"
      }
    },
    "@stimulus-components/clipboard": {
      "version": "5.0.0",
      "resolved": "https://registry.npmjs.org/@stimulus-components/clipboard/-/clipboard-5.0.0.tgz",
      "integrity": "sha512-gbwU1sVBiKfMGGCt6oyXx9mGD+cEcHBSqaz//5UVepoQqzl2jYEUWQGFIO0f48LMOamEQwR1azQKfHq6llv6oA==",
      "requires": {}
    },
    "@stimulus-components/color-picker": {
      "version": "2.0.0",
      "resolved": "https://registry.npmjs.org/@stimulus-components/color-picker/-/color-picker-2.0.0.tgz",
      "integrity": "sha512-ITQGvQ1RNLsoiZMmlc6R60pn36UuGD3lLv76LMRcipUbp1Sn3EenkMf5fABRd8MKz2ZIbJcTqZlMx4+I8FyHXA==",
      "requires": {
        "@simonwep/pickr": "1.9.0"
      }
    },
    "@stimulus-components/content-loader": {
      "version": "5.0.0",
      "resolved": "https://registry.npmjs.org/@stimulus-components/content-loader/-/content-loader-5.0.0.tgz",
      "integrity": "sha512-5ib9PveLI9VEbUwJQpp76OW9Q1Fc8CY7Yo9iVOPTFScwtUWOQJCnwR836osLzYbEIDEEpCfBsCRcIdn9PBGT8A==",
      "requires": {}
    },
    "@stimulus-components/dropdown": {
      "version": "3.0.0",
      "resolved": "https://registry.npmjs.org/@stimulus-components/dropdown/-/dropdown-3.0.0.tgz",
      "integrity": "sha512-GY9Ez8T5Vbcad702seF4iuKZwv4f+VACtfO527l8vrFDFbGWWFyRljyK9FFXSPEkUC3/4PilVsYfPO2CMikkEg==",
      "requires": {
        "stimulus-use": "^0.52.2"
      }
    },
    "@stimulus-components/sound": {
      "version": "2.0.1",
      "resolved": "https://registry.npmjs.org/@stimulus-components/sound/-/sound-2.0.1.tgz",
      "integrity": "sha512-IJyfgPyItYiCnHFUUdFSgFT9XvsHTtvZOyjWfuLHUPJnWQUatpYpHQfaUvsp3Es5aJNCRsCs6Ub4VUaOPxmApQ==",
      "requires": {}
    },
    "bootstrap": {
      "version": "5.3.3",
      "resolved": "https://registry.npmjs.org/bootstrap/-/bootstrap-5.3.3.tgz",
      "integrity": "sha512-8HLCdWgyoMguSO9o+aH+iuZ+aht+mzW0u3HIMzVu7Srrpv7EBBxTnrFlSCskwdY1+EOFQSm7uMJhNQHkdPcmjg==",
      "requires": {}
    },
    "core-js": {
      "version": "3.32.2",
      "resolved": "https://registry.npmjs.org/core-js/-/core-js-3.32.2.tgz",
      "integrity": "sha512-pxXSw1mYZPDGvTQqEc5vgIb83jGQKFGYWY76z4a7weZXUolw3G+OvpZqSRcfYOoOVUQJYEPsWeQK8pKEnUtWxQ=="
    },
    "esbuild": {
      "version": "0.24.2",
      "resolved": "https://registry.npmjs.org/esbuild/-/esbuild-0.24.2.tgz",
      "integrity": "sha512-+9egpBW8I3CD5XPe0n6BfT5fxLzxrlDzqydF3aviG+9ni1lDC/OvMHcxqEFV0+LANZG5R1bFMWfUrjVsdwxJvA==",
      "dev": true,
      "requires": {
        "@esbuild/aix-ppc64": "0.24.2",
        "@esbuild/android-arm": "0.24.2",
        "@esbuild/android-arm64": "0.24.2",
        "@esbuild/android-x64": "0.24.2",
        "@esbuild/darwin-arm64": "0.24.2",
        "@esbuild/darwin-x64": "0.24.2",
        "@esbuild/freebsd-arm64": "0.24.2",
        "@esbuild/freebsd-x64": "0.24.2",
        "@esbuild/linux-arm": "0.24.2",
        "@esbuild/linux-arm64": "0.24.2",
        "@esbuild/linux-ia32": "0.24.2",
        "@esbuild/linux-loong64": "0.24.2",
        "@esbuild/linux-mips64el": "0.24.2",
        "@esbuild/linux-ppc64": "0.24.2",
        "@esbuild/linux-riscv64": "0.24.2",
        "@esbuild/linux-s390x": "0.24.2",
        "@esbuild/linux-x64": "0.24.2",
        "@esbuild/netbsd-arm64": "0.24.2",
        "@esbuild/netbsd-x64": "0.24.2",
        "@esbuild/openbsd-arm64": "0.24.2",
        "@esbuild/openbsd-x64": "0.24.2",
        "@esbuild/sunos-x64": "0.24.2",
        "@esbuild/win32-arm64": "0.24.2",
        "@esbuild/win32-ia32": "0.24.2",
        "@esbuild/win32-x64": "0.24.2"
      }
    },
    "hotkeys-js": {
      "version": "3.13.9",
      "resolved": "https://registry.npmjs.org/hotkeys-js/-/hotkeys-js-3.13.9.tgz",
      "integrity": "sha512-3TRCj9u9KUH6cKo25w4KIdBfdBfNRjfUwrljCLDC2XhmPDG0SjAZFcFZekpUZFmXzfYoGhFDcdx2gX/vUVtztQ==",
      "peer": true
    },
    "nanopop": {
      "version": "2.3.0",
      "resolved": "https://registry.npmjs.org/nanopop/-/nanopop-2.3.0.tgz",
      "integrity": "sha512-fzN+T2K7/Ah25XU02MJkPZ5q4Tj5FpjmIYq4rvoHX4yb16HzFdCO6JxFFn5Y/oBhQ8no8fUZavnyIv9/+xkBBw=="
    },
    "stimulus-autocomplete": {
      "version": "3.1.0",
      "resolved": "https://registry.npmjs.org/stimulus-autocomplete/-/stimulus-autocomplete-3.1.0.tgz",
      "integrity": "sha512-SmVViCdA8yCl99oV2kzllNOqYjx7wruY+1OjAVsDTkZMNFZG5j+SqDKHMYbu+dRFy/SWq/PParzwZHvLAgH+YA==",
      "requires": {}
    },
    "stimulus-use": {
      "version": "0.52.3",
      "resolved": "https://registry.npmjs.org/stimulus-use/-/stimulus-use-0.52.3.tgz",
      "integrity": "sha512-stZ5dID6FUrGCR/ChWUa0FT5Z8iqkzT6lputOAb50eF+Ayg7RzJj4U/HoRlp2NV333QfvoRidru9HLbom4hZVw==",
      "requires": {}
    },
    "swiper": {
      "version": "11.2.3",
      "resolved": "https://registry.npmjs.org/swiper/-/swiper-11.2.3.tgz",
      "integrity": "sha512-24m5tqHCd1Wmp9+86aKDoIGMsZGEjIL++3nuB1UjhAhIlvwj4k0Jikxu9PGQ/VswLpoje6JtMDWo12uu4aS2FA=="
    },
    "tailwindcss": {
      "version": "4.0.8",
      "resolved": "https://registry.npmjs.org/tailwindcss/-/tailwindcss-4.0.8.tgz",
      "integrity": "sha512-Me7N5CKR+D2A1xdWA5t5+kjjT7bwnxZOE6/yDI/ixJdJokszsn2n++mdU5yJwrsTpqFX2B9ZNMBJDwcqk9C9lw=="
    }
  }
}
