# THIS IS AN AUTOGENERATED FILE. DO NOT EDIT THIS FILE DIRECTLY.
# yarn lockfile v1


"@hotwired/stimulus@^3", "@hotwired/stimulus@^3.0.0", "@hotwired/stimulus@^3.2.2", "@hotwired/stimulus@>= 3":
  "integrity" "sha512-eGeIqNOQpXoPAIP7tC1+1Yc1yl1xnwYqg+3mzqxyrbE5pg5YFBZcA6YoTiByJB6DKAEsiWtl6tjTJS4IYtbB7A=="
  "resolved" "https://registry.npmjs.org/@hotwired/stimulus/-/stimulus-3.2.2.tgz"
  "version" "3.2.2"

"@hotwired/turbo-rails@^8.0.12":
  "integrity" "sha512-ZXwu9ez+Gd4RQNeHIitqOQgi/LyqY8J4JqsUN0nnYiZDBRq7IreeFdMbz29VdJpIsmYqwooE4cFzPU7QvJkQkA=="
  "resolved" "https://registry.npmjs.org/@hotwired/turbo-rails/-/turbo-rails-8.0.12.tgz"
  "version" "8.0.12"
  dependencies:
    "@hotwired/turbo" "^8.0.12"
    "@rails/actioncable" "^7.0"

"@hotwired/turbo@^8.0.12":
  "integrity" "sha512-l3BiQRkD7qrnQv6ms6sqPLczvwbQpXt5iAVwjDvX0iumrz6yEonQkNAzNjeDX25/OJMFDTxpHjkJZHGpM9ikWw=="
  "resolved" "https://registry.npmjs.org/@hotwired/turbo/-/turbo-8.0.12.tgz"
  "version" "8.0.12"

"@popperjs/core@^2.11.8":
  "integrity" "sha512-P1st0aksCrn9sGZhp8GMYwBnQsbvAWsZAX44oXNNvLHGqAOcoVxmjZiohstwQ7SqKnbR47akdNi+uleWD8+g6A=="
  "resolved" "https://registry.npmjs.org/@popperjs/core/-/core-2.11.8.tgz"
  "version" "2.11.8"

"@rails/actioncable@^7.0":
  "integrity" "sha512-wsTdWoZ5EfG5k3t7ORdyQF0ZmDEgN4aVPCanHAiNEwCROqibSZMXXmCbH7IDJUVri4FOeAVwwbPINI7HVHPKBw=="
  "resolved" "https://registry.npmjs.org/@rails/actioncable/-/actioncable-7.2.201.tgz"
  "version" "7.2.201"

"@simonwep/pickr@1.9.0":
  "integrity" "sha512-oEYvv15PyfZzjoAzvXYt3UyNGwzsrpFxLaZKzkOSd0WYBVwLd19iJerePDONxC1iF6+DpcswPdLIM2KzCJuYFg=="
  "resolved" "https://registry.npmjs.org/@simonwep/pickr/-/pickr-1.9.0.tgz"
  "version" "1.9.0"
  dependencies:
    "core-js" "3.32.2"
    "nanopop" "2.3.0"

"@stimulus-components/carousel@^6.0.0":
  "integrity" "sha512-Jj7lwJI9B13+Wyt6Q27G5b45w5wyjVC79RB6eIuWt9ZYMRbjPWsV2kDofpiM1wUZi7h1+xk+vAZorPPnvGd4dA=="
  "resolved" "https://registry.npmjs.org/@stimulus-components/carousel/-/carousel-6.0.0.tgz"
  "version" "6.0.0"
  dependencies:
    "swiper" "^11.0.6"

"@stimulus-components/clipboard@^5.0.0":
  "integrity" "sha512-gbwU1sVBiKfMGGCt6oyXx9mGD+cEcHBSqaz//5UVepoQqzl2jYEUWQGFIO0f48LMOamEQwR1azQKfHq6llv6oA=="
  "resolved" "https://registry.npmjs.org/@stimulus-components/clipboard/-/clipboard-5.0.0.tgz"
  "version" "5.0.0"

"@stimulus-components/color-picker@^2.0.0":
  "integrity" "sha512-ITQGvQ1RNLsoiZMmlc6R60pn36UuGD3lLv76LMRcipUbp1Sn3EenkMf5fABRd8MKz2ZIbJcTqZlMx4+I8FyHXA=="
  "resolved" "https://registry.npmjs.org/@stimulus-components/color-picker/-/color-picker-2.0.0.tgz"
  "version" "2.0.0"
  dependencies:
    "@simonwep/pickr" "1.9.0"

"@stimulus-components/content-loader@^5.0.0":
  "integrity" "sha512-5ib9PveLI9VEbUwJQpp76OW9Q1Fc8CY7Yo9iVOPTFScwtUWOQJCnwR836osLzYbEIDEEpCfBsCRcIdn9PBGT8A=="
  "resolved" "https://registry.npmjs.org/@stimulus-components/content-loader/-/content-loader-5.0.0.tgz"
  "version" "5.0.0"

"@stimulus-components/dropdown@^3.0.0":
  "integrity" "sha512-GY9Ez8T5Vbcad702seF4iuKZwv4f+VACtfO527l8vrFDFbGWWFyRljyK9FFXSPEkUC3/4PilVsYfPO2CMikkEg=="
  "resolved" "https://registry.npmjs.org/@stimulus-components/dropdown/-/dropdown-3.0.0.tgz"
  "version" "3.0.0"
  dependencies:
    "stimulus-use" "^0.52.2"

"@stimulus-components/sound@^2.0.1":
  "integrity" "sha512-IJyfgPyItYiCnHFUUdFSgFT9XvsHTtvZOyjWfuLHUPJnWQUatpYpHQfaUvsp3Es5aJNCRsCs6Ub4VUaOPxmApQ=="
  "resolved" "https://registry.npmjs.org/@stimulus-components/sound/-/sound-2.0.1.tgz"
  "version" "2.0.1"

"bootstrap@^5.3.3":
  "integrity" "sha512-8HLCdWgyoMguSO9o+aH+iuZ+aht+mzW0u3HIMzVu7Srrpv7EBBxTnrFlSCskwdY1+EOFQSm7uMJhNQHkdPcmjg=="
  "resolved" "https://registry.npmjs.org/bootstrap/-/bootstrap-5.3.3.tgz"
  "version" "5.3.3"

"core-js@3.32.2":
  "integrity" "sha512-pxXSw1mYZPDGvTQqEc5vgIb83jGQKFGYWY76z4a7weZXUolw3G+OvpZqSRcfYOoOVUQJYEPsWeQK8pKEnUtWxQ=="
  "resolved" "https://registry.npmjs.org/core-js/-/core-js-3.32.2.tgz"
  "version" "3.32.2"

"esbuild@^0.24.0":
  "integrity" "sha512-+9egpBW8I3CD5XPe0n6BfT5fxLzxrlDzqydF3aviG+9ni1lDC/OvMHcxqEFV0+LANZG5R1bFMWfUrjVsdwxJvA=="
  "resolved" "https://registry.npmjs.org/esbuild/-/esbuild-0.24.2.tgz"
  "version" "0.24.2"
  optionalDependencies:
    "@esbuild/aix-ppc64" "0.24.2"
    "@esbuild/android-arm" "0.24.2"
    "@esbuild/android-arm64" "0.24.2"
    "@esbuild/android-x64" "0.24.2"
    "@esbuild/darwin-arm64" "0.24.2"
    "@esbuild/darwin-x64" "0.24.2"
    "@esbuild/freebsd-arm64" "0.24.2"
    "@esbuild/freebsd-x64" "0.24.2"
    "@esbuild/linux-arm" "0.24.2"
    "@esbuild/linux-arm64" "0.24.2"
    "@esbuild/linux-ia32" "0.24.2"
    "@esbuild/linux-loong64" "0.24.2"
    "@esbuild/linux-mips64el" "0.24.2"
    "@esbuild/linux-ppc64" "0.24.2"
    "@esbuild/linux-riscv64" "0.24.2"
    "@esbuild/linux-s390x" "0.24.2"
    "@esbuild/linux-x64" "0.24.2"
    "@esbuild/netbsd-arm64" "0.24.2"
    "@esbuild/netbsd-x64" "0.24.2"
    "@esbuild/openbsd-arm64" "0.24.2"
    "@esbuild/openbsd-x64" "0.24.2"
    "@esbuild/sunos-x64" "0.24.2"
    "@esbuild/win32-arm64" "0.24.2"
    "@esbuild/win32-ia32" "0.24.2"
    "@esbuild/win32-x64" "0.24.2"

"hotkeys-js@>= 3":
  "integrity" "sha512-3TRCj9u9KUH6cKo25w4KIdBfdBfNRjfUwrljCLDC2XhmPDG0SjAZFcFZekpUZFmXzfYoGhFDcdx2gX/vUVtztQ=="
  "resolved" "https://registry.npmjs.org/hotkeys-js/-/hotkeys-js-3.13.9.tgz"
  "version" "3.13.9"

"nanopop@2.3.0":
  "integrity" "sha512-fzN+T2K7/Ah25XU02MJkPZ5q4Tj5FpjmIYq4rvoHX4yb16HzFdCO6JxFFn5Y/oBhQ8no8fUZavnyIv9/+xkBBw=="
  "resolved" "https://registry.npmjs.org/nanopop/-/nanopop-2.3.0.tgz"
  "version" "2.3.0"

"stimulus-autocomplete@^3.1.0":
  "integrity" "sha512-SmVViCdA8yCl99oV2kzllNOqYjx7wruY+1OjAVsDTkZMNFZG5j+SqDKHMYbu+dRFy/SWq/PParzwZHvLAgH+YA=="
  "resolved" "https://registry.npmjs.org/stimulus-autocomplete/-/stimulus-autocomplete-3.1.0.tgz"
  "version" "3.1.0"

"stimulus-use@^0.52.2", "stimulus-use@^0.52.3":
  "integrity" "sha512-stZ5dID6FUrGCR/ChWUa0FT5Z8iqkzT6lputOAb50eF+Ayg7RzJj4U/HoRlp2NV333QfvoRidru9HLbom4hZVw=="
  "resolved" "https://registry.npmjs.org/stimulus-use/-/stimulus-use-0.52.3.tgz"
  "version" "0.52.3"

"swiper@^11.0.6":
  "integrity" "sha512-24m5tqHCd1Wmp9+86aKDoIGMsZGEjIL++3nuB1UjhAhIlvwj4k0Jikxu9PGQ/VswLpoje6JtMDWo12uu4aS2FA=="
  "resolved" "https://registry.npmjs.org/swiper/-/swiper-11.2.3.tgz"
  "version" "11.2.3"

"tailwindcss@^4.0.8":
  "integrity" "sha512-Me7N5CKR+D2A1xdWA5t5+kjjT7bwnxZOE6/yDI/ixJdJokszsn2n++mdU5yJwrsTpqFX2B9ZNMBJDwcqk9C9lw=="
  "resolved" "https://registry.npmjs.org/tailwindcss/-/tailwindcss-4.0.8.tgz"
  "version" "4.0.8"
